
Microsoft Visual Studio Solution File, Format Version 12.00
# Visual Studio Version 17
VisualStudioVersion = 17.0.31903.59
MinimumVisualStudioVersion = 10.0.40219.1
Project("{FAE04EC0-301F-11D3-BF4B-00C04F79EFBC}") = "Game", "Game\Game.csproj", "{AFDCECC7-58DB-45C6-BF98-9970192C906B}"
EndProject
Project("{FAE04EC0-301F-11D3-BF4B-00C04F79EFBC}") = "GameLibrary", "GameLibrary\GameLibrary.csproj", "{4769F6AF-8A23-4E63-B7B0-5820563418A8}"
EndProject
Project("{FAE04EC0-301F-11D3-BF4B-00C04F79EFBC}") = "TestGame", "TestGame\TestGame.csproj", "{4EDF8133-689E-443E-A5B2-7F44352BA603}"
EndProject
Global
	GlobalSection(SolutionConfigurationPlatforms) = preSolution
		Debug|Any CPU = Debug|Any CPU
		Release|Any CPU = Release|Any CPU
	EndGlobalSection
	GlobalSection(SolutionProperties) = preSolution
		HideSolutionNode = FALSE
	EndGlobalSection
	GlobalSection(ProjectConfigurationPlatforms) = postSolution
		{AFDCECC7-58DB-45C6-BF98-9970192C906B}.Debug|Any CPU.ActiveCfg = Debug|Any CPU
		{AFDCECC7-58DB-45C6-BF98-9970192C906B}.Debug|Any CPU.Build.0 = Debug|Any CPU
		{AFDCECC7-58DB-45C6-BF98-9970192C906B}.Release|Any CPU.ActiveCfg = Release|Any CPU
		{AFDCECC7-58DB-45C6-BF98-9970192C906B}.Release|Any CPU.Build.0 = Release|Any CPU
		{4769F6AF-8A23-4E63-B7B0-5820563418A8}.Debug|Any CPU.ActiveCfg = Debug|Any CPU
		{4769F6AF-8A23-4E63-B7B0-5820563418A8}.Debug|Any CPU.Build.0 = Debug|Any CPU
		{4769F6AF-8A23-4E63-B7B0-5820563418A8}.Release|Any CPU.ActiveCfg = Release|Any CPU
		{4769F6AF-8A23-4E63-B7B0-5820563418A8}.Release|Any CPU.Build.0 = Release|Any CPU
		{4EDF8133-689E-443E-A5B2-7F44352BA603}.Debug|Any CPU.ActiveCfg = Debug|Any CPU
		{4EDF8133-689E-443E-A5B2-7F44352BA603}.Debug|Any CPU.Build.0 = Debug|Any CPU
		{4EDF8133-689E-443E-A5B2-7F44352BA603}.Release|Any CPU.ActiveCfg = Release|Any CPU
		{4EDF8133-689E-443E-A5B2-7F44352BA603}.Release|Any CPU.Build.0 = Release|Any CPU
	EndGlobalSection
EndGlobal
